
Microsoft Visual Studio Solution File, Format Version 12.00
# Visual Studio Version 17
VisualStudioVersion = 17.8.34330.188
MinimumVisualStudioVersion = 10.0.40219.1
Project("{FAE04EC0-301F-11D3-BF4B-00C04F79EFBC}") = "FileSymbolCounter", "FileSymbolCounter.csproj", "{678A988D-39C9-4604-8DEE-312EC2300FC0}"
EndProject
Global
	GlobalSection(SolutionConfigurationPlatforms) = preSolution
		Debug|Any CPU = Debug|Any CPU
		Release|Any CPU = Release|Any CPU
	EndGlobalSection
	GlobalSection(ProjectConfigurationPlatforms) = postSolution
		{678A988D-39C9-4604-8DEE-312EC2300FC0}.Debug|Any CPU.ActiveCfg = Debug|Any CPU
		{678A988D-39C9-4604-8DEE-312EC2300FC0}.Debug|Any CPU.Build.0 = Debug|Any CPU
		{678A988D-39C9-4604-8DEE-312EC2300FC0}.Release|Any CPU.ActiveCfg = Release|Any CPU
		{678A988D-39C9-4604-8DEE-312EC2300FC0}.Release|Any CPU.Build.0 = Release|Any CPU
	EndGlobalSection
	GlobalSection(SolutionProperties) = preSolution
		HideSolutionNode = FALSE
	EndGlobalSection
	GlobalSection(ExtensibilityGlobals) = postSolution
		SolutionGuid = {EDEFAE95-FA81-46A3-8E63-A92D515E8D26}
	EndGlobalSection
EndGlobal
